
Microsoft Visual Studio Solution File, Format Version 12.00
# Visual Studio Version 16
VisualStudioVersion = 16.0.29209.152
MinimumVisualStudioVersion = 10.0.40219.1
Project("{9A19103F-16F7-4668-BE54-9A1E7A4F7556}") = "Steeltoe.Client", "Client\Steeltoe.Client.csproj", "{52B7F368-0A7D-44A1-986A-A187B42ED2FA}"
EndProject
Project("{9A19103F-16F7-4668-BE54-9A1E7A4F7556}") = "Steeltoe.Shared", "Shared\Steeltoe.Shared.csproj", "{26C7B9E2-A804-409E-9716-FF6AF0B6AE7B}"
EndProject
Project("{9A19103F-16F7-4668-BE54-9A1E7A4F7556}") = "Steeltoe.Server", "Server\Steeltoe.Server.csproj", "{DE1BFD0E-403F-4448-B7D9-EE2210473AFB}"
EndProject
Global
	GlobalSection(SolutionConfigurationPlatforms) = preSolution
		Debug|x64 = Debug|x64
		Release|x64 = Release|x64
	EndGlobalSection
	GlobalSection(ProjectConfigurationPlatforms) = postSolution
		{52B7F368-0A7D-44A1-986A-A187B42ED2FA}.Debug|x64.ActiveCfg = Debug|Any CPU
		{52B7F368-0A7D-44A1-986A-A187B42ED2FA}.Debug|x64.Build.0 = Debug|Any CPU
		{52B7F368-0A7D-44A1-986A-A187B42ED2FA}.Release|x64.ActiveCfg = Release|Any CPU
		{52B7F368-0A7D-44A1-986A-A187B42ED2FA}.Release|x64.Build.0 = Release|Any CPU
		{26C7B9E2-A804-409E-9716-FF6AF0B6AE7B}.Debug|x64.ActiveCfg = Debug|Any CPU
		{26C7B9E2-A804-409E-9716-FF6AF0B6AE7B}.Debug|x64.Build.0 = Debug|Any CPU
		{26C7B9E2-A804-409E-9716-FF6AF0B6AE7B}.Release|x64.ActiveCfg = Release|Any CPU
		{26C7B9E2-A804-409E-9716-FF6AF0B6AE7B}.Release|x64.Build.0 = Release|Any CPU
		{DE1BFD0E-403F-4448-B7D9-EE2210473AFB}.Debug|x64.ActiveCfg = Debug|Any CPU
		{DE1BFD0E-403F-4448-B7D9-EE2210473AFB}.Debug|x64.Build.0 = Debug|Any CPU
		{DE1BFD0E-403F-4448-B7D9-EE2210473AFB}.Release|x64.ActiveCfg = Release|Any CPU
		{DE1BFD0E-403F-4448-B7D9-EE2210473AFB}.Release|x64.Build.0 = Release|Any CPU
	EndGlobalSection
	GlobalSection(SolutionProperties) = preSolution
		HideSolutionNode = FALSE
	EndGlobalSection
	GlobalSection(ExtensibilityGlobals) = postSolution
		SolutionGuid = {7269F317-C023-4EF2-A82C-C3715B251405}
	EndGlobalSection
EndGlobal
